// !$*UTF8*$!
{
	archiveVersion = 1;
	classes = {
	};
	objectVersion = 46;
	objects = {

/* Begin PBXBuildFile section */
		88871F5C1BE3D75300BB965E /* AppDelegate.swift in Sources */ = {isa = PBXBuildFile; fileRef = 88871F5B1BE3D75300BB965E /* AppDelegate.swift */; };
		88871F5E1BE3D75300BB965E /* ViewController.swift in Sources */ = {isa = PBXBuildFile; fileRef = 88871F5D1BE3D75300BB965E /* ViewController.swift */; };
		88871F611BE3D75300BB965E /* Main.storyboard in Resources */ = {isa = PBXBuildFile; fileRef = 88871F5F1BE3D75300BB965E /* Main.storyboard */; };
		88871F631BE3D75300BB965E /* Assets.xcassets in Resources */ = {isa = PBXBuildFile; fileRef = 88871F621BE3D75300BB965E /* Assets.xcassets */; };
		88871F661BE3D75300BB965E /* LaunchScreen.storyboard in Resources */ = {isa = PBXBuildFile; fileRef = 88871F641BE3D75300BB965E /* LaunchScreen.storyboard */; };
		88871F6E1BE3E6AF00BB965E /* DragImage.swift in Sources */ = {isa = PBXBuildFile; fileRef = 88871F6D1BE3E6AF00BB965E /* DragImage.swift */; };
		88871F701BE3EA5A00BB965E /* MonsterImg.swift in Sources */ = {isa = PBXBuildFile; fileRef = 88871F6F1BE3EA5A00BB965E /* MonsterImg.swift */; };
		88871F761BE3FB4C00BB965E /* bite.wav in Resources */ = {isa = PBXBuildFile; fileRef = 88871F711BE3FB4C00BB965E /* bite.wav */; };
		88871F771BE3FB4C00BB965E /* cave-music.mp3 in Resources */ = {isa = PBXBuildFile; fileRef = 88871F721BE3FB4C00BB965E /* cave-music.mp3 */; };
		88871F781BE3FB4C00BB965E /* death.wav in Resources */ = {isa = PBXBuildFile; fileRef = 88871F731BE3FB4C00BB965E /* death.wav */; };
		88871F791BE3FB4C00BB965E /* heart.wav in Resources */ = {isa = PBXBuildFile; fileRef = 88871F741BE3FB4C00BB965E /* heart.wav */; };
		88871F7A1BE3FB4C00BB965E /* skull.wav in Resources */ = {isa = PBXBuildFile; fileRef = 88871F751BE3FB4C00BB965E /* skull.wav */; };
/* End PBXBuildFile section */

/* Begin PBXFileReference section */
		88871F581BE3D75300BB965E /* MyLittleMonster.app */ = {isa = PBXFileReference; explicitFileType = wrapper.application; includeInIndex = 0; path = MyLittleMonster.app; sourceTree = BUILT_PRODUCTS_DIR; };
		88871F5B1BE3D75300BB965E /* AppDelegate.swift */ = {isa = PBXFileReference; lastKnownFileType = sourcecode.swift; path = AppDelegate.swift; sourceTree = "<group>"; };
		88871F5D1BE3D75300BB965E /* ViewController.swift */ = {isa = PBXFileReference; lastKnownFileType = sourcecode.swift; path = ViewController.swift; sourceTree = "<group>"; };
		88871F601BE3D75300BB965E /* Base */ = {isa = PBXFileReference; lastKnownFileType = file.storyboard; name = Base; path = Base.lproj/Main.storyboard; sourceTree = "<group>"; };
		88871F621BE3D75300BB965E /* Assets.xcassets */ = {isa = PBXFileReference; lastKnownFileType = folder.assetcatalog; path = Assets.xcassets; sourceTree = "<group>"; };
		88871F651BE3D75300BB965E /* Base */ = {isa = PBXFileReference; lastKnownFileType = file.storyboard; name = Base; path = Base.lproj/LaunchScreen.storyboard; sourceTree = "<group>"; };
		88871F671BE3D75300BB965E /* Info.plist */ = {isa = PBXFileReference; lastKnownFileType = text.plist.xml; path = Info.plist; sourceTree = "<group>"; };
		88871F6D1BE3E6AF00BB965E /* DragImage.swift */ = {isa = PBXFileReference; fileEncoding = 4; lastKnownFileType = sourcecode.swift; path = DragImage.swift; sourceTree = "<group>"; };
		88871F6F1BE3EA5A00BB965E /* MonsterImg.swift */ = {isa = PBXFileReference; fileEncoding = 4; lastKnownFileType = sourcecode.swift; path = MonsterImg.swift; sourceTree = "<group>"; };
		88871F711BE3FB4C00BB965E /* bite.wav */ = {isa = PBXFileReference; lastKnownFileType = audio.wav; path = bite.wav; sourceTree = "<group>"; };
		88871F721BE3FB4C00BB965E /* cave-music.mp3 */ = {isa = PBXFileReference; lastKnownFileType = audio.mp3; path = "cave-music.mp3"; sourceTree = "<group>"; };
		88871F731BE3FB4C00BB965E /* death.wav */ = {isa = PBXFileReference; lastKnownFileType = audio.wav; path = death.wav; sourceTree = "<group>"; };
		88871F741BE3FB4C00BB965E /* heart.wav */ = {isa = PBXFileReference; lastKnownFileType = audio.wav; path = heart.wav; sourceTree = "<group>"; };
		88871F751BE3FB4C00BB965E /* skull.wav */ = {isa = PBXFileReference; lastKnownFileType = audio.wav; path = skull.wav; sourceTree = "<group>"; };
/* End PBXFileReference section */

/* Begin PBXFrameworksBuildPhase section */
		88871F551BE3D75200BB965E /* Frameworks */ = {
			isa = PBXFrameworksBuildPhase;
			buildActionMask = 2147483647;
			files = (
			);
			runOnlyForDeploymentPostprocessing = 0;
		};
/* End PBXFrameworksBuildPhase section */

/* Begin PBXGroup section */
		88871F4F1BE3D75200BB965E = {
			isa = PBXGroup;
			children = (
				88871F5A1BE3D75300BB965E /* MyLittleMonster */,
				88871F591BE3D75300BB965E /* Products */,
			);
			sourceTree = "<group>";
		};
		88871F591BE3D75300BB965E /* Products */ = {
			isa = PBXGroup;
			children = (
				88871F581BE3D75300BB965E /* MyLittleMonster.app */,
			);
			name = Products;
			sourceTree = "<group>";
		};
		88871F5A1BE3D75300BB965E /* MyLittleMonster */ = {
			isa = PBXGroup;
			children = (
				88871F711BE3FB4C00BB965E /* bite.wav */,
				88871F721BE3FB4C00BB965E /* cave-music.mp3 */,
				88871F731BE3FB4C00BB965E /* death.wav */,
				88871F741BE3FB4C00BB965E /* heart.wav */,
				88871F751BE3FB4C00BB965E /* skull.wav */,
				88871F5B1BE3D75300BB965E /* AppDelegate.swift */,
				88871F5D1BE3D75300BB965E /* ViewController.swift */,
				88871F5F1BE3D75300BB965E /* Main.storyboard */,
				88871F621BE3D75300BB965E /* Assets.xcassets */,
				88871F641BE3D75300BB965E /* LaunchScreen.storyboard */,
				88871F671BE3D75300BB965E /* Info.plist */,
				88871F6D1BE3E6AF00BB965E /* DragImage.swift */,
				88871F6F1BE3EA5A00BB965E /* MonsterImg.swift */,
			);
			path = MyLittleMonster;
			sourceTree = "<group>";
		};
/* End PBXGroup section */

/* Begin PBXNativeTarget section */
		88871F571BE3D75200BB965E /* MyLittleMonster */ = {
			isa = PBXNativeTarget;
			buildConfigurationList = 88871F6A1BE3D75300BB965E /* Build configuration list for PBXNativeTarget "MyLittleMonster" */;
			buildPhases = (
				88871F541BE3D75200BB965E /* Sources */,
				88871F551BE3D75200BB965E /* Frameworks */,
				88871F561BE3D75200BB965E /* Resources */,
			);
			buildRules = (
			);
			dependencies = (
			);
			name = MyLittleMonster;
			productName = MyLittleMonster;
			productReference = 88871F581BE3D75300BB965E /* MyLittleMonster.app */;
			productType = "com.apple.product-type.application";
		};
/* End PBXNativeTarget section */

/* Begin PBXProject section */
		88871F501BE3D75200BB965E /* Project object */ = {
			isa = PBXProject;
			attributes = {
				LastSwiftUpdateCheck = 0710;
				LastUpgradeCheck = 0710;
				ORGANIZATIONNAME = "Bryan Ebert";
				TargetAttributes = {
					88871F571BE3D75200BB965E = {
						CreatedOnToolsVersion = 7.1;
					};
				};
			};
			buildConfigurationList = 88871F531BE3D75200BB965E /* Build configuration list for PBXProject "MyLittleMonster" */;
			compatibilityVersion = "Xcode 3.2";
			developmentRegion = English;
			hasScannedForEncodings = 0;
			knownRegions = (
				en,
				Base,
			);
			mainGroup = 88871F4F1BE3D75200BB965E;
			productRefGroup = 88871F591BE3D75300BB965E /* Products */;
			projectDirPath = "";
			projectRoot = "";
			targets = (
				88871F571BE3D75200BB965E /* MyLittleMonster */,
			);
		};
/* End PBXProject section */

/* Begin PBXResourcesBuildPhase section */
		88871F561BE3D75200BB965E /* Resources */ = {
			isa = PBXResourcesBuildPhase;
			buildActionMask = 2147483647;
			files = (
				88871F7A1BE3FB4C00BB965E /* skull.wav in Resources */,
				88871F761BE3FB4C00BB965E /* bite.wav in Resources */,
				88871F781BE3FB4C00BB965E /* death.wav in Resources */,
				88871F791BE3FB4C00BB965E /* heart.wav in Resources */,
				88871F771BE3FB4C00BB965E /* cave-music.mp3 in Resources */,
				88871F661BE3D75300BB965E /* LaunchScreen.storyboard in Resources */,
				88871F631BE3D75300BB965E /* Assets.xcassets in Resources */,
				88871F611BE3D75300BB965E /* Main.storyboard in Resources */,
			);
			runOnlyForDeploymentPostprocessing = 0;
		};
/* End PBXResourcesBuildPhase section */

/* Begin PBXSourcesBuildPhase section */
		88871F541BE3D75200BB965E /* Sources */ = {
			isa = PBXSourcesBuildPhase;
			buildActionMask = 2147483647;
			files = (
				88871F701BE3EA5A00BB965E /* MonsterImg.swift in Sources */,
				88871F5E1BE3D75300BB965E /* ViewController.swift in Sources */,
				88871F6E1BE3E6AF00BB965E /* DragImage.swift in Sources */,
				88871F5C1BE3D75300BB965E /* AppDelegate.swift in Sources */,
			);
			runOnlyForDeploymentPostprocessing = 0;
		};
/* End PBXSourcesBuildPhase section */

/* Begin PBXVariantGroup section */
		88871F5F1BE3D75300BB965E /* Main.storyboard */ = {
			isa = PBXVariantGroup;
			children = (
				88871F601BE3D75300BB965E /* Base */,
			);
			name = Main.storyboard;
			sourceTree = "<group>";
		};
		88871F641BE3D75300BB965E /* LaunchScreen.storyboard */ = {
			isa = PBXVariantGroup;
			children = (
				88871F651BE3D75300BB965E /* Base */,
			);
			name = LaunchScreen.storyboard;
			sourceTree = "<group>";
		};
/* End PBXVariantGroup section */

/* Begin XCBuildConfiguration section */
		88871F681BE3D75300BB965E /* Debug */ = {
			isa = XCBuildConfiguration;
			buildSettings = {
				ALWAYS_SEARCH_USER_PATHS = NO;
				CLANG_CXX_LANGUAGE_STANDARD = "gnu++0x";
				CLANG_CXX_LIBRARY = "libc++";
				CLANG_ENABLE_MODULES = YES;
				CLANG_ENABLE_OBJC_ARC = YES;
				CLANG_WARN_BOOL_CONVERSION = YES;
				CLANG_WARN_CONSTANT_CONVERSION = YES;
				CLANG_WARN_DIRECT_OBJC_ISA_USAGE = YES_ERROR;
				CLANG_WARN_EMPTY_BODY = YES;
				CLANG_WARN_ENUM_CONVERSION = YES;
				CLANG_WARN_INT_CONVERSION = YES;
				CLANG_WARN_OBJC_ROOT_CLASS = YES_ERROR;
				CLANG_WARN_UNREACHABLE_CODE = YES;
				CLANG_WARN__DUPLICATE_METHOD_MATCH = YES;
				"CODE_SIGN_IDENTITY[sdk=iphoneos*]" = "iPhone Developer";
				COPY_PHASE_STRIP = NO;
				DEBUG_INFORMATION_FORMAT = dwarf;
				ENABLE_STRICT_OBJC_MSGSEND = YES;
				ENABLE_TESTABILITY = YES;
				GCC_C_LANGUAGE_STANDARD = gnu99;
				GCC_DYNAMIC_NO_PIC = NO;
				GCC_NO_COMMON_BLOCKS = YES;
				GCC_OPTIMIZATION_LEVEL = 0;
				GCC_PREPROCESSOR_DEFINITIONS = (
					"DEBUG=1",
					"$(inherited)",
				);
				GCC_WARN_64_TO_32_BIT_CONVERSION = YES;
				GCC_WARN_ABOUT_RETURN_TYPE = YES_ERROR;
				GCC_WARN_UNDECLARED_SELECTOR = YES;
				GCC_WARN_UNINITIALIZED_AUTOS = YES_AGGRESSIVE;
				GCC_WARN_UNUSED_FUNCTION = YES;
				GCC_WARN_UNUSED_VARIABLE = YES;
				IPHONEOS_DEPLOYMENT_TARGET = 9.1;
				MTL_ENABLE_DEBUG_INFO = YES;
				ONLY_ACTIVE_ARCH = YES;
				SDKROOT = iphoneos;
				SWIFT_OPTIMIZATION_LEVEL = "-Onone";
				TARGETED_DEVICE_FAMILY = "1,2";
			};
			name = Debug;
		};
		88871F691BE3D75300BB965E /* Release */ = {
			isa = XCBuildConfiguration;
			buildSettings = {
				ALWAYS_SEARCH_USER_PATHS = NO;
				CLANG_CXX_LANGUAGE_STANDARD = "gnu++0x";
				CLANG_CXX_LIBRARY = "libc++";
				CLANG_ENABLE_MODULES = YES;
				CLANG_ENABLE_OBJC_ARC = YES;
				CLANG_WARN_BOOL_CONVERSION = YES;
				CLANG_WARN_CONSTANT_CONVERSION = YES;
				CLANG_WARN_DIRECT_OBJC_ISA_USAGE = YES_ERROR;
				CLANG_WARN_EMPTY_BODY = YES;
				CLANG_WARN_ENUM_CONVERSION = YES;
				CLANG_WARN_INT_CONVERSION = YES;
				CLANG_WARN_OBJC_ROOT_CLASS = YES_ERROR;
				CLANG_WARN_UNREACHABLE_CODE = YES;
				CLANG_WARN__DUPLICATE_METHOD_MATCH = YES;
				"CODE_SIGN_IDENTITY[sdk=iphoneos*]" = "iPhone Developer";
				COPY_PHASE_STRIP = NO;
				DEBUG_INFORMATION_FORMAT = "dwarf-with-dsym";
				ENABLE_NS_ASSERTIONS = NO;
				ENABLE_STRICT_OBJC_MSGSEND = YES;
				GCC_C_LANGUAGE_STANDARD = gnu99;
				GCC_NO_COMMON_BLOCKS = YES;
				GCC_WARN_64_TO_32_BIT_CONVERSION = YES;
				GCC_WARN_ABOUT_RETURN_TYPE = YES_ERROR;
				GCC_WARN_UNDECLARED_SELECTOR = YES;
				GCC_WARN_UNINITIALIZED_AUTOS = YES_AGGRESSIVE;
				GCC_WARN_UNUSED_FUNCTION = YES;
				GCC_WARN_UNUSED_VARIABLE = YES;
				IPHONEOS_DEPLOYMENT_TARGET = 9.1;
				MTL_ENABLE_DEBUG_INFO = NO;
				SDKROOT = iphoneos;
				TARGETED_DEVICE_FAMILY = "1,2";
				VALIDATE_PRODUCT = YES;
			};
			name = Release;
		};
		88871F6B1BE3D75300BB965E /* Debug */ = {
			isa = XCBuildConfiguration;
			buildSettings = {
				ASSETCATALOG_COMPILER_APPICON_NAME = AppIcon;
				INFOPLIST_FILE = MyLittleMonster/Info.plist;
				LD_RUNPATH_SEARCH_PATHS = "$(inherited) @executable_path/Frameworks";
				PRODUCT_BUNDLE_IDENTIFIER = com.bryanebert.MyLittleMonster;
				PRODUCT_NAME = "$(TARGET_NAME)";
			};
			name = Debug;
		};
		88871F6C1BE3D75300BB965E /* Release */ = {
			isa = XCBuildConfiguration;
			buildSettings = {
				ASSETCATALOG_COMPILER_APPICON_NAME = AppIcon;
				INFOPLIST_FILE = MyLittleMonster/Info.plist;
				LD_RUNPATH_SEARCH_PATHS = "$(inherited) @executable_path/Frameworks";
				PRODUCT_BUNDLE_IDENTIFIER = com.bryanebert.MyLittleMonster;
				PRODUCT_NAME = "$(TARGET_NAME)";
			};
			name = Release;
		};
/* End XCBuildConfiguration section */

/* Begin XCConfigurationList section */
		88871F531BE3D75200BB965E /* Build configuration list for PBXProject "MyLittleMonster" */ = {
			isa = XCConfigurationList;
			buildConfigurations = (
				88871F681BE3D75300BB965E /* Debug */,
				88871F691BE3D75300BB965E /* Release */,
			);
			defaultConfigurationIsVisible = 0;
			defaultConfigurationName = Release;
		};
		88871F6A1BE3D75300BB965E /* Build configuration list for PBXNativeTarget "MyLittleMonster" */ = {
			isa = XCConfigurationList;
			buildConfigurations = (
				88871F6B1BE3D75300BB965E /* Debug */,
				88871F6C1BE3D75300BB965E /* Release */,
			);
			defaultConfigurationIsVisible = 0;
		};
/* End XCConfigurationList section */
	};
	rootObject = 88871F501BE3D75200BB965E /* Project object */;
}
